
Microsoft Visual Studio Solution File, Format Version 12.00
# Visual Studio 15
VisualStudioVersion = 15.0.27004.2005
MinimumVisualStudioVersion = 10.0.40219.1
Project("{9A19103F-16F7-4668-BE54-9A1E7A4F7556}") = "TravelHub.Web", "TravelHub\TravelHub.Web.csproj", "{40522552-E772-4495-BBAB-48CE5A5D4832}"
EndProject
Project("{9A19103F-16F7-4668-BE54-9A1E7A4F7556}") = "TravelHub.MailService", "TravelHub.MailService\TravelHub.MailService.csproj", "{E68455A3-733D-4C96-86AB-DF4ADCFD68ED}"
EndProject
Project("{9A19103F-16F7-4668-BE54-9A1E7A4F7556}") = "TravelHub.Sql.Data", "TravelHub.Sql.Data\TravelHub.Sql.Data.csproj", "{D407BF89-2EC9-464F-A7B3-66CAC2CFC2E9}"
EndProject
Project("{9A19103F-16F7-4668-BE54-9A1E7A4F7556}") = "TravelHub.Oracle.Data", "TravelHub.Oracle.Data\TravelHub.Oracle.Data.csproj", "{9F573D38-C70B-4327-B676-222BEF3908BF}"
EndProject
Project("{9A19103F-16F7-4668-BE54-9A1E7A4F7556}") = "TravelHub.Entities", "TravelHub.Entities\TravelHub.Entities.csproj", "{6C65EB54-DE90-4265-AB17-E24A382872BE}"
EndProject
Project("{9A19103F-16F7-4668-BE54-9A1E7A4F7556}") = "TravelHub.services", "TravelHub.services\TravelHub.services.csproj", "{B66DB74E-A814-4975-ABB3-C1308813F3D2}"
EndProject
Project("{9A19103F-16F7-4668-BE54-9A1E7A4F7556}") = "TravelHub.Models", "TravelHub.Models\TravelHub.Models.csproj", "{1C57FB41-D13D-4D2F-BAE3-7EB2D0F9C5BC}"
EndProject
Project("{FAE04EC0-301F-11D3-BF4B-00C04F79EFBC}") = "TravelHub.Common", "TravelHub.Common\TravelHub.Common.csproj", "{67FE456E-836F-40FE-902E-1042BB660C7D}"
EndProject
Global
	GlobalSection(SolutionConfigurationPlatforms) = preSolution
		Debug|Any CPU = Debug|Any CPU
		Release|Any CPU = Release|Any CPU
	EndGlobalSection
	GlobalSection(ProjectConfigurationPlatforms) = postSolution
		{40522552-E772-4495-BBAB-48CE5A5D4832}.Debug|Any CPU.ActiveCfg = Debug|Any CPU
		{40522552-E772-4495-BBAB-48CE5A5D4832}.Debug|Any CPU.Build.0 = Debug|Any CPU
		{40522552-E772-4495-BBAB-48CE5A5D4832}.Release|Any CPU.ActiveCfg = Release|Any CPU
		{40522552-E772-4495-BBAB-48CE5A5D4832}.Release|Any CPU.Build.0 = Release|Any CPU
		{E68455A3-733D-4C96-86AB-DF4ADCFD68ED}.Debug|Any CPU.ActiveCfg = Debug|Any CPU
		{E68455A3-733D-4C96-86AB-DF4ADCFD68ED}.Debug|Any CPU.Build.0 = Debug|Any CPU
		{E68455A3-733D-4C96-86AB-DF4ADCFD68ED}.Release|Any CPU.ActiveCfg = Release|Any CPU
		{E68455A3-733D-4C96-86AB-DF4ADCFD68ED}.Release|Any CPU.Build.0 = Release|Any CPU
		{D407BF89-2EC9-464F-A7B3-66CAC2CFC2E9}.Debug|Any CPU.ActiveCfg = Debug|Any CPU
		{D407BF89-2EC9-464F-A7B3-66CAC2CFC2E9}.Debug|Any CPU.Build.0 = Debug|Any CPU
		{D407BF89-2EC9-464F-A7B3-66CAC2CFC2E9}.Release|Any CPU.ActiveCfg = Release|Any CPU
		{D407BF89-2EC9-464F-A7B3-66CAC2CFC2E9}.Release|Any CPU.Build.0 = Release|Any CPU
		{9F573D38-C70B-4327-B676-222BEF3908BF}.Debug|Any CPU.ActiveCfg = Debug|Any CPU
		{9F573D38-C70B-4327-B676-222BEF3908BF}.Debug|Any CPU.Build.0 = Debug|Any CPU
		{9F573D38-C70B-4327-B676-222BEF3908BF}.Release|Any CPU.ActiveCfg = Release|Any CPU
		{9F573D38-C70B-4327-B676-222BEF3908BF}.Release|Any CPU.Build.0 = Release|Any CPU
		{6C65EB54-DE90-4265-AB17-E24A382872BE}.Debug|Any CPU.ActiveCfg = Debug|Any CPU
		{6C65EB54-DE90-4265-AB17-E24A382872BE}.Debug|Any CPU.Build.0 = Debug|Any CPU
		{6C65EB54-DE90-4265-AB17-E24A382872BE}.Release|Any CPU.ActiveCfg = Release|Any CPU
		{6C65EB54-DE90-4265-AB17-E24A382872BE}.Release|Any CPU.Build.0 = Release|Any CPU
		{B66DB74E-A814-4975-ABB3-C1308813F3D2}.Debug|Any CPU.ActiveCfg = Debug|Any CPU
		{B66DB74E-A814-4975-ABB3-C1308813F3D2}.Debug|Any CPU.Build.0 = Debug|Any CPU
		{B66DB74E-A814-4975-ABB3-C1308813F3D2}.Release|Any CPU.ActiveCfg = Release|Any CPU
		{B66DB74E-A814-4975-ABB3-C1308813F3D2}.Release|Any CPU.Build.0 = Release|Any CPU
		{1C57FB41-D13D-4D2F-BAE3-7EB2D0F9C5BC}.Debug|Any CPU.ActiveCfg = Debug|Any CPU
		{1C57FB41-D13D-4D2F-BAE3-7EB2D0F9C5BC}.Debug|Any CPU.Build.0 = Debug|Any CPU
		{1C57FB41-D13D-4D2F-BAE3-7EB2D0F9C5BC}.Release|Any CPU.ActiveCfg = Release|Any CPU
		{1C57FB41-D13D-4D2F-BAE3-7EB2D0F9C5BC}.Release|Any CPU.Build.0 = Release|Any CPU
		{67FE456E-836F-40FE-902E-1042BB660C7D}.Debug|Any CPU.ActiveCfg = Debug|Any CPU
		{67FE456E-836F-40FE-902E-1042BB660C7D}.Debug|Any CPU.Build.0 = Debug|Any CPU
		{67FE456E-836F-40FE-902E-1042BB660C7D}.Release|Any CPU.ActiveCfg = Release|Any CPU
		{67FE456E-836F-40FE-902E-1042BB660C7D}.Release|Any CPU.Build.0 = Release|Any CPU
	EndGlobalSection
	GlobalSection(SolutionProperties) = preSolution
		HideSolutionNode = FALSE
	EndGlobalSection
	GlobalSection(ExtensibilityGlobals) = postSolution
		SolutionGuid = {4C0514CE-BC04-47C4-ABD0-EA6D9A65DA21}
	EndGlobalSection
EndGlobal
